
Microsoft Visual Studio Solution File, Format Version 12.00
# Visual Studio Version 17
VisualStudioVersion = 17.9.34407.89
MinimumVisualStudioVersion = 10.0.40219.1
Project("{00D1A9C2-B5F0-4AF3-8072-F6C62B433612}") = "SpeakerToolkit.SQLDatabase", "SpeakerToolkit.SQLDatabase\SpeakerToolkit.SQLDatabase.sqlproj", "{76C1170E-A8FF-4429-9A6C-1304D396D440}"
EndProject
Project("{9A19103F-16F7-4668-BE54-9A1E7A4F7556}") = "SpeakerToolkit.Services", "SpeakerToolkit.Services\SpeakerToolkit.Services.csproj", "{10CC9A17-0433-4574-B4C0-F7483D1F5D0C}"
EndProject
Project("{9A19103F-16F7-4668-BE54-9A1E7A4F7556}") = "SpeakerToolkit.CRUDFunctions", "SpeakerToolkit.CRUDFunctions\SpeakerToolkit.CRUDFunctions.csproj", "{5AAF4DE1-C152-45DC-9B84-7B26CFD81B13}"
EndProject
Global
	GlobalSection(SolutionConfigurationPlatforms) = preSolution
		Debug|Any CPU = Debug|Any CPU
		Release|Any CPU = Release|Any CPU
	EndGlobalSection
	GlobalSection(ProjectConfigurationPlatforms) = postSolution
		{76C1170E-A8FF-4429-9A6C-1304D396D440}.Debug|Any CPU.ActiveCfg = Debug|Any CPU
		{76C1170E-A8FF-4429-9A6C-1304D396D440}.Debug|Any CPU.Build.0 = Debug|Any CPU
		{76C1170E-A8FF-4429-9A6C-1304D396D440}.Debug|Any CPU.Deploy.0 = Debug|Any CPU
		{76C1170E-A8FF-4429-9A6C-1304D396D440}.Release|Any CPU.ActiveCfg = Release|Any CPU
		{76C1170E-A8FF-4429-9A6C-1304D396D440}.Release|Any CPU.Build.0 = Release|Any CPU
		{76C1170E-A8FF-4429-9A6C-1304D396D440}.Release|Any CPU.Deploy.0 = Release|Any CPU
		{10CC9A17-0433-4574-B4C0-F7483D1F5D0C}.Debug|Any CPU.ActiveCfg = Debug|Any CPU
		{10CC9A17-0433-4574-B4C0-F7483D1F5D0C}.Debug|Any CPU.Build.0 = Debug|Any CPU
		{10CC9A17-0433-4574-B4C0-F7483D1F5D0C}.Release|Any CPU.ActiveCfg = Release|Any CPU
		{10CC9A17-0433-4574-B4C0-F7483D1F5D0C}.Release|Any CPU.Build.0 = Release|Any CPU
		{5AAF4DE1-C152-45DC-9B84-7B26CFD81B13}.Debug|Any CPU.ActiveCfg = Debug|Any CPU
		{5AAF4DE1-C152-45DC-9B84-7B26CFD81B13}.Debug|Any CPU.Build.0 = Debug|Any CPU
		{5AAF4DE1-C152-45DC-9B84-7B26CFD81B13}.Release|Any CPU.ActiveCfg = Release|Any CPU
		{5AAF4DE1-C152-45DC-9B84-7B26CFD81B13}.Release|Any CPU.Build.0 = Release|Any CPU
	EndGlobalSection
	GlobalSection(SolutionProperties) = preSolution
		HideSolutionNode = FALSE
	EndGlobalSection
	GlobalSection(ExtensibilityGlobals) = postSolution
		SolutionGuid = {560BC6AA-AA7E-4AE7-B360-5E2CB4EEE215}
	EndGlobalSection
EndGlobal
